
Microsoft Visual Studio Solution File, Format Version 12.00
# Visual Studio Version 17
VisualStudioVersion = 17.0.31903.59
MinimumVisualStudioVersion = 10.0.40219.1
Project("{2150E333-8FDC-42A3-9474-1A3956D46DE8}") = "src", "src", "{4BA4D378-77B4-4B37-A11A-CE24195AF872}"
EndProject
Project("{FAE04EC0-301F-11D3-BF4B-00C04F79EFBC}") = "DealBot.Application", "src\DealBot.Application\DealBot.Application.csproj", "{DBFDD555-A2CE-4976-AC5A-15DF0E633E05}"
EndProject
Project("{FAE04EC0-301F-11D3-BF4B-00C04F79EFBC}") = "DealBot.Domain", "src\DealBot.Domain\DealBot.Domain.csproj", "{DB51B037-8E71-4AA1-BA50-2B67A8F258EC}"
EndProject
Project("{FAE04EC0-301F-11D3-BF4B-00C04F79EFBC}") = "DealBot.Infrastructure", "src\DealBot.Infrastructure\DealBot.Infrastructure.csproj", "{68F5C8F1-5C29-49D2-B82E-E24F135D765A}"
EndProject
Project("{FAE04EC0-301F-11D3-BF4B-00C04F79EFBC}") = "DealBot.Bot", "src\DealBot.Bot\DealBot.Bot.csproj", "{470A9A2A-1217-4911-9C84-7EBDD7F5E2B1}"
EndProject
Global
	GlobalSection(SolutionConfigurationPlatforms) = preSolution
		Debug|Any CPU = Debug|Any CPU
		Release|Any CPU = Release|Any CPU
	EndGlobalSection
	GlobalSection(ProjectConfigurationPlatforms) = postSolution
		{DBFDD555-A2CE-4976-AC5A-15DF0E633E05}.Debug|Any CPU.ActiveCfg = Debug|Any CPU
		{DBFDD555-A2CE-4976-AC5A-15DF0E633E05}.Debug|Any CPU.Build.0 = Debug|Any CPU
		{DBFDD555-A2CE-4976-AC5A-15DF0E633E05}.Release|Any CPU.ActiveCfg = Release|Any CPU
		{DBFDD555-A2CE-4976-AC5A-15DF0E633E05}.Release|Any CPU.Build.0 = Release|Any CPU
		{DB51B037-8E71-4AA1-BA50-2B67A8F258EC}.Debug|Any CPU.ActiveCfg = Debug|Any CPU
		{DB51B037-8E71-4AA1-BA50-2B67A8F258EC}.Debug|Any CPU.Build.0 = Debug|Any CPU
		{DB51B037-8E71-4AA1-BA50-2B67A8F258EC}.Release|Any CPU.ActiveCfg = Release|Any CPU
		{DB51B037-8E71-4AA1-BA50-2B67A8F258EC}.Release|Any CPU.Build.0 = Release|Any CPU
		{68F5C8F1-5C29-49D2-B82E-E24F135D765A}.Debug|Any CPU.ActiveCfg = Debug|Any CPU
		{68F5C8F1-5C29-49D2-B82E-E24F135D765A}.Debug|Any CPU.Build.0 = Debug|Any CPU
		{68F5C8F1-5C29-49D2-B82E-E24F135D765A}.Release|Any CPU.ActiveCfg = Release|Any CPU
		{68F5C8F1-5C29-49D2-B82E-E24F135D765A}.Release|Any CPU.Build.0 = Release|Any CPU
		{470A9A2A-1217-4911-9C84-7EBDD7F5E2B1}.Debug|Any CPU.ActiveCfg = Debug|Any CPU
		{470A9A2A-1217-4911-9C84-7EBDD7F5E2B1}.Debug|Any CPU.Build.0 = Debug|Any CPU
		{470A9A2A-1217-4911-9C84-7EBDD7F5E2B1}.Release|Any CPU.ActiveCfg = Release|Any CPU
		{470A9A2A-1217-4911-9C84-7EBDD7F5E2B1}.Release|Any CPU.Build.0 = Release|Any CPU
	EndGlobalSection
	GlobalSection(SolutionProperties) = preSolution
		HideSolutionNode = FALSE
	EndGlobalSection
	GlobalSection(NestedProjects) = preSolution
		{DBFDD555-A2CE-4976-AC5A-15DF0E633E05} = {4BA4D378-77B4-4B37-A11A-CE24195AF872}
		{DB51B037-8E71-4AA1-BA50-2B67A8F258EC} = {4BA4D378-77B4-4B37-A11A-CE24195AF872}
		{68F5C8F1-5C29-49D2-B82E-E24F135D765A} = {4BA4D378-77B4-4B37-A11A-CE24195AF872}
		{470A9A2A-1217-4911-9C84-7EBDD7F5E2B1} = {4BA4D378-77B4-4B37-A11A-CE24195AF872}
	EndGlobalSection
	GlobalSection(ExtensibilityGlobals) = postSolution
		SolutionGuid = {3B44DC1E-6FDD-482F-B2A8-DF90F51348C2}
	EndGlobalSection
EndGlobal
